
Microsoft Visual Studio Solution File, Format Version 12.00
Project("{FAE04EC0-301F-11D3-BF4B-00C04F79EFBC}") = "CouplingWebApplication", "CouplingWebApplication\CouplingWebApplication.csproj", "{B2D81189-5481-4969-90E7-EC94D077F56D}"
EndProject
Project("{FAE04EC0-301F-11D3-BF4B-00C04F79EFBC}") = "LooseCouplingWebApplication", "LooseCouplingWebApplication\LooseCouplingWebApplication.csproj", "{9020EDC1-4672-4737-964C-7A118517155C}"
EndProject
Global
	GlobalSection(SolutionConfigurationPlatforms) = preSolution
		Debug|Any CPU = Debug|Any CPU
		Release|Any CPU = Release|Any CPU
	EndGlobalSection
	GlobalSection(ProjectConfigurationPlatforms) = postSolution
		{B2D81189-5481-4969-90E7-EC94D077F56D}.Debug|Any CPU.ActiveCfg = Debug|Any CPU
		{B2D81189-5481-4969-90E7-EC94D077F56D}.Debug|Any CPU.Build.0 = Debug|Any CPU
		{B2D81189-5481-4969-90E7-EC94D077F56D}.Release|Any CPU.ActiveCfg = Release|Any CPU
		{B2D81189-5481-4969-90E7-EC94D077F56D}.Release|Any CPU.Build.0 = Release|Any CPU
		{9020EDC1-4672-4737-964C-7A118517155C}.Debug|Any CPU.ActiveCfg = Debug|Any CPU
		{9020EDC1-4672-4737-964C-7A118517155C}.Debug|Any CPU.Build.0 = Debug|Any CPU
		{9020EDC1-4672-4737-964C-7A118517155C}.Release|Any CPU.ActiveCfg = Release|Any CPU
		{9020EDC1-4672-4737-964C-7A118517155C}.Release|Any CPU.Build.0 = Release|Any CPU
	EndGlobalSection
EndGlobal
